
Microsoft Visual Studio Solution File, Format Version 12.00
# Visual Studio Version 16
VisualStudioVersion = 16.0.29209.152
MinimumVisualStudioVersion = 10.0.40219.1
Project("{2150E333-8FDC-42A3-9474-1A3956D46DE8}") = "callback", "callback", "{43D6F9D6-4AB0-4125-BC60-0463A28341E8}"
EndProject
Project("{2150E333-8FDC-42A3-9474-1A3956D46DE8}") = "ioctl", "ioctl", "{E6164A0B-35FA-4902-B940-C4765FD62334}"
EndProject
Project("{2150E333-8FDC-42A3-9474-1A3956D46DE8}") = "shared-memory", "shared-memory", "{CF30BA8D-2D2C-4D65-AF53-BB6ECB2B04AE}"
EndProject
Project("{2150E333-8FDC-42A3-9474-1A3956D46DE8}") = "socket", "socket", "{EF2228E9-38EE-4A65-A210-6AD68B3F27C9}"
EndProject
Project("{8BC9CEB8-8B4A-11D0-8D11-00A0C91BC942}") = "callback-km", "callback-km\callback-km.vcxproj", "{4B4C81B1-150A-4EAE-80BD-B42EDC19D1A8}"
EndProject
Project("{8BC9CEB8-8B4A-11D0-8D11-00A0C91BC942}") = "ioctl-km", "ioctl-km\ioctl-km.vcxproj", "{8C20051E-9D3A-46AF-8F7A-320262A9DCED}"
EndProject
Project("{8BC9CEB8-8B4A-11D0-8D11-00A0C91BC942}") = "shared-memory-km", "shared-memory-km\shared-memory-km.vcxproj", "{89672149-9CFF-48A1-A2B3-F9578A8E1E95}"
EndProject
Project("{8BC9CEB8-8B4A-11D0-8D11-00A0C91BC942}") = "socket-km", "socket-km\socket-km.vcxproj", "{1BB91B25-67A5-4CB7-8379-DF7C886CE06A}"
EndProject
Project("{8BC9CEB8-8B4A-11D0-8D11-00A0C91BC942}") = "callback-um", "callback-um\callback-um.vcxproj", "{667DC8CB-B5E1-4473-8FED-3DE15D72AE5F}"
EndProject
Project("{8BC9CEB8-8B4A-11D0-8D11-00A0C91BC942}") = "ioctl-um", "ioctl-um\ioctl-um.vcxproj", "{D64D1DF6-F132-4957-8F6E-514271F88934}"
EndProject
Project("{8BC9CEB8-8B4A-11D0-8D11-00A0C91BC942}") = "shared-memory-um", "shared-memory-um\shared-memory-um.vcxproj", "{1EEF30F8-1723-49B9-BFEA-2F9075F6638F}"
EndProject
Project("{8BC9CEB8-8B4A-11D0-8D11-00A0C91BC942}") = "socket-um", "socket-um\socket-um.vcxproj", "{DDCB0847-184C-4769-8713-A3006A6AF794}"
EndProject
Project("{2150E333-8FDC-42A3-9474-1A3956D46DE8}") = "dispatch", "dispatch", "{20E262E3-AF8F-4B6A-B9D6-F75646F3AC0D}"
EndProject
Project("{2150E333-8FDC-42A3-9474-1A3956D46DE8}") = "named-pipe", "named-pipe", "{B599320D-C9DF-4ED8-A421-AAB2BFDBE177}"
EndProject
Project("{8BC9CEB8-8B4A-11D0-8D11-00A0C91BC942}") = "dispatch-um", "dispatch-um\dispatch-um.vcxproj", "{F7341DC6-DD9E-476A-A59A-8D8DB95903F4}"
EndProject
Project("{8BC9CEB8-8B4A-11D0-8D11-00A0C91BC942}") = "dispatch-km", "dispatch-km\dispatch-km.vcxproj", "{FD57C3F9-DFDE-4B34-9BEF-1B7C9EC4D582}"
EndProject
Project("{8BC9CEB8-8B4A-11D0-8D11-00A0C91BC942}") = "named-pipe-km", "named-pipe-km\named-pipe-km.vcxproj", "{D70338B7-7C40-4A0C-8E50-4FDD68E15C18}"
EndProject
Project("{8BC9CEB8-8B4A-11D0-8D11-00A0C91BC942}") = "named-pipe-um", "named-pipe-um\named-pipe-um.vcxproj", "{364E311D-7EF9-4A33-A831-5A0F646C0467}"
EndProject
Global
	GlobalSection(SolutionConfigurationPlatforms) = preSolution
		Debug|ARM = Debug|ARM
		Debug|ARM64 = Debug|ARM64
		Debug|x64 = Debug|x64
		Debug|x86 = Debug|x86
		Release|ARM = Release|ARM
		Release|ARM64 = Release|ARM64
		Release|x64 = Release|x64
		Release|x86 = Release|x86
	EndGlobalSection
	GlobalSection(ProjectConfigurationPlatforms) = postSolution
		{4B4C81B1-150A-4EAE-80BD-B42EDC19D1A8}.Debug|ARM.ActiveCfg = Debug|ARM
		{4B4C81B1-150A-4EAE-80BD-B42EDC19D1A8}.Debug|ARM.Build.0 = Debug|ARM
		{4B4C81B1-150A-4EAE-80BD-B42EDC19D1A8}.Debug|ARM.Deploy.0 = Debug|ARM
		{4B4C81B1-150A-4EAE-80BD-B42EDC19D1A8}.Debug|ARM64.ActiveCfg = Debug|ARM64
		{4B4C81B1-150A-4EAE-80BD-B42EDC19D1A8}.Debug|ARM64.Build.0 = Debug|ARM64
		{4B4C81B1-150A-4EAE-80BD-B42EDC19D1A8}.Debug|ARM64.Deploy.0 = Debug|ARM64
		{4B4C81B1-150A-4EAE-80BD-B42EDC19D1A8}.Debug|x64.ActiveCfg = Debug|x64
		{4B4C81B1-150A-4EAE-80BD-B42EDC19D1A8}.Debug|x64.Build.0 = Debug|x64
		{4B4C81B1-150A-4EAE-80BD-B42EDC19D1A8}.Debug|x64.Deploy.0 = Debug|x64
		{4B4C81B1-150A-4EAE-80BD-B42EDC19D1A8}.Debug|x86.ActiveCfg = Debug|Win32
		{4B4C81B1-150A-4EAE-80BD-B42EDC19D1A8}.Debug|x86.Build.0 = Debug|Win32
		{4B4C81B1-150A-4EAE-80BD-B42EDC19D1A8}.Debug|x86.Deploy.0 = Debug|Win32
		{4B4C81B1-150A-4EAE-80BD-B42EDC19D1A8}.Release|ARM.ActiveCfg = Release|ARM
		{4B4C81B1-150A-4EAE-80BD-B42EDC19D1A8}.Release|ARM.Build.0 = Release|ARM
		{4B4C81B1-150A-4EAE-80BD-B42EDC19D1A8}.Release|ARM.Deploy.0 = Release|ARM
		{4B4C81B1-150A-4EAE-80BD-B42EDC19D1A8}.Release|ARM64.ActiveCfg = Release|ARM64
		{4B4C81B1-150A-4EAE-80BD-B42EDC19D1A8}.Release|ARM64.Build.0 = Release|ARM64
		{4B4C81B1-150A-4EAE-80BD-B42EDC19D1A8}.Release|ARM64.Deploy.0 = Release|ARM64
		{4B4C81B1-150A-4EAE-80BD-B42EDC19D1A8}.Release|x64.ActiveCfg = Release|x64
		{4B4C81B1-150A-4EAE-80BD-B42EDC19D1A8}.Release|x64.Build.0 = Release|x64
		{4B4C81B1-150A-4EAE-80BD-B42EDC19D1A8}.Release|x64.Deploy.0 = Release|x64
		{4B4C81B1-150A-4EAE-80BD-B42EDC19D1A8}.Release|x86.ActiveCfg = Release|Win32
		{4B4C81B1-150A-4EAE-80BD-B42EDC19D1A8}.Release|x86.Build.0 = Release|Win32
		{4B4C81B1-150A-4EAE-80BD-B42EDC19D1A8}.Release|x86.Deploy.0 = Release|Win32
		{8C20051E-9D3A-46AF-8F7A-320262A9DCED}.Debug|ARM.ActiveCfg = Debug|ARM
		{8C20051E-9D3A-46AF-8F7A-320262A9DCED}.Debug|ARM.Build.0 = Debug|ARM
		{8C20051E-9D3A-46AF-8F7A-320262A9DCED}.Debug|ARM.Deploy.0 = Debug|ARM
		{8C20051E-9D3A-46AF-8F7A-320262A9DCED}.Debug|ARM64.ActiveCfg = Debug|ARM64
		{8C20051E-9D3A-46AF-8F7A-320262A9DCED}.Debug|ARM64.Build.0 = Debug|ARM64
		{8C20051E-9D3A-46AF-8F7A-320262A9DCED}.Debug|ARM64.Deploy.0 = Debug|ARM64
		{8C20051E-9D3A-46AF-8F7A-320262A9DCED}.Debug|x64.ActiveCfg = Debug|x64
		{8C20051E-9D3A-46AF-8F7A-320262A9DCED}.Debug|x64.Build.0 = Debug|x64
		{8C20051E-9D3A-46AF-8F7A-320262A9DCED}.Debug|x64.Deploy.0 = Debug|x64
		{8C20051E-9D3A-46AF-8F7A-320262A9DCED}.Debug|x86.ActiveCfg = Debug|Win32
		{8C20051E-9D3A-46AF-8F7A-320262A9DCED}.Debug|x86.Build.0 = Debug|Win32
		{8C20051E-9D3A-46AF-8F7A-320262A9DCED}.Debug|x86.Deploy.0 = Debug|Win32
		{8C20051E-9D3A-46AF-8F7A-320262A9DCED}.Release|ARM.ActiveCfg = Release|ARM
		{8C20051E-9D3A-46AF-8F7A-320262A9DCED}.Release|ARM.Build.0 = Release|ARM
		{8C20051E-9D3A-46AF-8F7A-320262A9DCED}.Release|ARM.Deploy.0 = Release|ARM
		{8C20051E-9D3A-46AF-8F7A-320262A9DCED}.Release|ARM64.ActiveCfg = Release|ARM64
		{8C20051E-9D3A-46AF-8F7A-320262A9DCED}.Release|ARM64.Build.0 = Release|ARM64
		{8C20051E-9D3A-46AF-8F7A-320262A9DCED}.Release|ARM64.Deploy.0 = Release|ARM64
		{8C20051E-9D3A-46AF-8F7A-320262A9DCED}.Release|x64.ActiveCfg = Release|x64
		{8C20051E-9D3A-46AF-8F7A-320262A9DCED}.Release|x64.Build.0 = Release|x64
		{8C20051E-9D3A-46AF-8F7A-320262A9DCED}.Release|x64.Deploy.0 = Release|x64
		{8C20051E-9D3A-46AF-8F7A-320262A9DCED}.Release|x86.ActiveCfg = Release|Win32
		{8C20051E-9D3A-46AF-8F7A-320262A9DCED}.Release|x86.Build.0 = Release|Win32
		{8C20051E-9D3A-46AF-8F7A-320262A9DCED}.Release|x86.Deploy.0 = Release|Win32
		{89672149-9CFF-48A1-A2B3-F9578A8E1E95}.Debug|ARM.ActiveCfg = Debug|ARM
		{89672149-9CFF-48A1-A2B3-F9578A8E1E95}.Debug|ARM.Build.0 = Debug|ARM
		{89672149-9CFF-48A1-A2B3-F9578A8E1E95}.Debug|ARM.Deploy.0 = Debug|ARM
		{89672149-9CFF-48A1-A2B3-F9578A8E1E95}.Debug|ARM64.ActiveCfg = Debug|ARM64
		{89672149-9CFF-48A1-A2B3-F9578A8E1E95}.Debug|ARM64.Build.0 = Debug|ARM64
		{89672149-9CFF-48A1-A2B3-F9578A8E1E95}.Debug|ARM64.Deploy.0 = Debug|ARM64
		{89672149-9CFF-48A1-A2B3-F9578A8E1E95}.Debug|x64.ActiveCfg = Debug|x64
		{89672149-9CFF-48A1-A2B3-F9578A8E1E95}.Debug|x64.Build.0 = Debug|x64
		{89672149-9CFF-48A1-A2B3-F9578A8E1E95}.Debug|x64.Deploy.0 = Debug|x64
		{89672149-9CFF-48A1-A2B3-F9578A8E1E95}.Debug|x86.ActiveCfg = Debug|Win32
		{89672149-9CFF-48A1-A2B3-F9578A8E1E95}.Debug|x86.Build.0 = Debug|Win32
		{89672149-9CFF-48A1-A2B3-F9578A8E1E95}.Debug|x86.Deploy.0 = Debug|Win32
		{89672149-9CFF-48A1-A2B3-F9578A8E1E95}.Release|ARM.ActiveCfg = Release|ARM
		{89672149-9CFF-48A1-A2B3-F9578A8E1E95}.Release|ARM.Build.0 = Release|ARM
		{89672149-9CFF-48A1-A2B3-F9578A8E1E95}.Release|ARM.Deploy.0 = Release|ARM
		{89672149-9CFF-48A1-A2B3-F9578A8E1E95}.Release|ARM64.ActiveCfg = Release|ARM64
		{89672149-9CFF-48A1-A2B3-F9578A8E1E95}.Release|ARM64.Build.0 = Release|ARM64
		{89672149-9CFF-48A1-A2B3-F9578A8E1E95}.Release|ARM64.Deploy.0 = Release|ARM64
		{89672149-9CFF-48A1-A2B3-F9578A8E1E95}.Release|x64.ActiveCfg = Release|x64
		{89672149-9CFF-48A1-A2B3-F9578A8E1E95}.Release|x64.Build.0 = Release|x64
		{89672149-9CFF-48A1-A2B3-F9578A8E1E95}.Release|x64.Deploy.0 = Release|x64
		{89672149-9CFF-48A1-A2B3-F9578A8E1E95}.Release|x86.ActiveCfg = Release|Win32
		{89672149-9CFF-48A1-A2B3-F9578A8E1E95}.Release|x86.Build.0 = Release|Win32
		{89672149-9CFF-48A1-A2B3-F9578A8E1E95}.Release|x86.Deploy.0 = Release|Win32
		{1BB91B25-67A5-4CB7-8379-DF7C886CE06A}.Debug|ARM.ActiveCfg = Debug|ARM
		{1BB91B25-67A5-4CB7-8379-DF7C886CE06A}.Debug|ARM.Build.0 = Debug|ARM
		{1BB91B25-67A5-4CB7-8379-DF7C886CE06A}.Debug|ARM.Deploy.0 = Debug|ARM
		{1BB91B25-67A5-4CB7-8379-DF7C886CE06A}.Debug|ARM64.ActiveCfg = Debug|ARM64
		{1BB91B25-67A5-4CB7-8379-DF7C886CE06A}.Debug|ARM64.Build.0 = Debug|ARM64
		{1BB91B25-67A5-4CB7-8379-DF7C886CE06A}.Debug|ARM64.Deploy.0 = Debug|ARM64
		{1BB91B25-67A5-4CB7-8379-DF7C886CE06A}.Debug|x64.ActiveCfg = Debug|x64
		{1BB91B25-67A5-4CB7-8379-DF7C886CE06A}.Debug|x64.Build.0 = Debug|x64
		{1BB91B25-67A5-4CB7-8379-DF7C886CE06A}.Debug|x64.Deploy.0 = Debug|x64
		{1BB91B25-67A5-4CB7-8379-DF7C886CE06A}.Debug|x86.ActiveCfg = Debug|Win32
		{1BB91B25-67A5-4CB7-8379-DF7C886CE06A}.Debug|x86.Build.0 = Debug|Win32
		{1BB91B25-67A5-4CB7-8379-DF7C886CE06A}.Debug|x86.Deploy.0 = Debug|Win32
		{1BB91B25-67A5-4CB7-8379-DF7C886CE06A}.Release|ARM.ActiveCfg = Release|ARM
		{1BB91B25-67A5-4CB7-8379-DF7C886CE06A}.Release|ARM.Build.0 = Release|ARM
		{1BB91B25-67A5-4CB7-8379-DF7C886CE06A}.Release|ARM.Deploy.0 = Release|ARM
		{1BB91B25-67A5-4CB7-8379-DF7C886CE06A}.Release|ARM64.ActiveCfg = Release|ARM64
		{1BB91B25-67A5-4CB7-8379-DF7C886CE06A}.Release|ARM64.Build.0 = Release|ARM64
		{1BB91B25-67A5-4CB7-8379-DF7C886CE06A}.Release|ARM64.Deploy.0 = Release|ARM64
		{1BB91B25-67A5-4CB7-8379-DF7C886CE06A}.Release|x64.ActiveCfg = Release|x64
		{1BB91B25-67A5-4CB7-8379-DF7C886CE06A}.Release|x64.Build.0 = Release|x64
		{1BB91B25-67A5-4CB7-8379-DF7C886CE06A}.Release|x64.Deploy.0 = Release|x64
		{1BB91B25-67A5-4CB7-8379-DF7C886CE06A}.Release|x86.ActiveCfg = Release|Win32
		{1BB91B25-67A5-4CB7-8379-DF7C886CE06A}.Release|x86.Build.0 = Release|Win32
		{1BB91B25-67A5-4CB7-8379-DF7C886CE06A}.Release|x86.Deploy.0 = Release|Win32
		{667DC8CB-B5E1-4473-8FED-3DE15D72AE5F}.Debug|ARM.ActiveCfg = Debug|Win32
		{667DC8CB-B5E1-4473-8FED-3DE15D72AE5F}.Debug|ARM64.ActiveCfg = Debug|Win32
		{667DC8CB-B5E1-4473-8FED-3DE15D72AE5F}.Debug|x64.ActiveCfg = Debug|x64
		{667DC8CB-B5E1-4473-8FED-3DE15D72AE5F}.Debug|x64.Build.0 = Debug|x64
		{667DC8CB-B5E1-4473-8FED-3DE15D72AE5F}.Debug|x86.ActiveCfg = Debug|Win32
		{667DC8CB-B5E1-4473-8FED-3DE15D72AE5F}.Debug|x86.Build.0 = Debug|Win32
		{667DC8CB-B5E1-4473-8FED-3DE15D72AE5F}.Release|ARM.ActiveCfg = Release|Win32
		{667DC8CB-B5E1-4473-8FED-3DE15D72AE5F}.Release|ARM64.ActiveCfg = Release|Win32
		{667DC8CB-B5E1-4473-8FED-3DE15D72AE5F}.Release|x64.ActiveCfg = Release|x64
		{667DC8CB-B5E1-4473-8FED-3DE15D72AE5F}.Release|x64.Build.0 = Release|x64
		{667DC8CB-B5E1-4473-8FED-3DE15D72AE5F}.Release|x86.ActiveCfg = Release|Win32
		{667DC8CB-B5E1-4473-8FED-3DE15D72AE5F}.Release|x86.Build.0 = Release|Win32
		{D64D1DF6-F132-4957-8F6E-514271F88934}.Debug|ARM.ActiveCfg = Debug|Win32
		{D64D1DF6-F132-4957-8F6E-514271F88934}.Debug|ARM64.ActiveCfg = Debug|Win32
		{D64D1DF6-F132-4957-8F6E-514271F88934}.Debug|x64.ActiveCfg = Debug|x64
		{D64D1DF6-F132-4957-8F6E-514271F88934}.Debug|x64.Build.0 = Debug|x64
		{D64D1DF6-F132-4957-8F6E-514271F88934}.Debug|x86.ActiveCfg = Debug|Win32
		{D64D1DF6-F132-4957-8F6E-514271F88934}.Debug|x86.Build.0 = Debug|Win32
		{D64D1DF6-F132-4957-8F6E-514271F88934}.Release|ARM.ActiveCfg = Release|Win32
		{D64D1DF6-F132-4957-8F6E-514271F88934}.Release|ARM64.ActiveCfg = Release|Win32
		{D64D1DF6-F132-4957-8F6E-514271F88934}.Release|x64.ActiveCfg = Release|x64
		{D64D1DF6-F132-4957-8F6E-514271F88934}.Release|x64.Build.0 = Release|x64
		{D64D1DF6-F132-4957-8F6E-514271F88934}.Release|x86.ActiveCfg = Release|Win32
		{D64D1DF6-F132-4957-8F6E-514271F88934}.Release|x86.Build.0 = Release|Win32
		{1EEF30F8-1723-49B9-BFEA-2F9075F6638F}.Debug|ARM.ActiveCfg = Debug|Win32
		{1EEF30F8-1723-49B9-BFEA-2F9075F6638F}.Debug|ARM64.ActiveCfg = Debug|Win32
		{1EEF30F8-1723-49B9-BFEA-2F9075F6638F}.Debug|x64.ActiveCfg = Debug|x64
		{1EEF30F8-1723-49B9-BFEA-2F9075F6638F}.Debug|x64.Build.0 = Debug|x64
		{1EEF30F8-1723-49B9-BFEA-2F9075F6638F}.Debug|x86.ActiveCfg = Debug|Win32
		{1EEF30F8-1723-49B9-BFEA-2F9075F6638F}.Debug|x86.Build.0 = Debug|Win32
		{1EEF30F8-1723-49B9-BFEA-2F9075F6638F}.Release|ARM.ActiveCfg = Release|Win32
		{1EEF30F8-1723-49B9-BFEA-2F9075F6638F}.Release|ARM64.ActiveCfg = Release|Win32
		{1EEF30F8-1723-49B9-BFEA-2F9075F6638F}.Release|x64.ActiveCfg = Release|x64
		{1EEF30F8-1723-49B9-BFEA-2F9075F6638F}.Release|x64.Build.0 = Release|x64
		{1EEF30F8-1723-49B9-BFEA-2F9075F6638F}.Release|x86.ActiveCfg = Release|Win32
		{1EEF30F8-1723-49B9-BFEA-2F9075F6638F}.Release|x86.Build.0 = Release|Win32
		{DDCB0847-184C-4769-8713-A3006A6AF794}.Debug|ARM.ActiveCfg = Debug|Win32
		{DDCB0847-184C-4769-8713-A3006A6AF794}.Debug|ARM64.ActiveCfg = Debug|Win32
		{DDCB0847-184C-4769-8713-A3006A6AF794}.Debug|x64.ActiveCfg = Debug|x64
		{DDCB0847-184C-4769-8713-A3006A6AF794}.Debug|x64.Build.0 = Debug|x64
		{DDCB0847-184C-4769-8713-A3006A6AF794}.Debug|x86.ActiveCfg = Debug|Win32
		{DDCB0847-184C-4769-8713-A3006A6AF794}.Debug|x86.Build.0 = Debug|Win32
		{DDCB0847-184C-4769-8713-A3006A6AF794}.Release|ARM.ActiveCfg = Release|Win32
		{DDCB0847-184C-4769-8713-A3006A6AF794}.Release|ARM64.ActiveCfg = Release|Win32
		{DDCB0847-184C-4769-8713-A3006A6AF794}.Release|x64.ActiveCfg = Release|x64
		{DDCB0847-184C-4769-8713-A3006A6AF794}.Release|x64.Build.0 = Release|x64
		{DDCB0847-184C-4769-8713-A3006A6AF794}.Release|x86.ActiveCfg = Release|Win32
		{DDCB0847-184C-4769-8713-A3006A6AF794}.Release|x86.Build.0 = Release|Win32
		{F7341DC6-DD9E-476A-A59A-8D8DB95903F4}.Debug|ARM.ActiveCfg = Debug|Win32
		{F7341DC6-DD9E-476A-A59A-8D8DB95903F4}.Debug|ARM64.ActiveCfg = Debug|Win32
		{F7341DC6-DD9E-476A-A59A-8D8DB95903F4}.Debug|x64.ActiveCfg = Debug|x64
		{F7341DC6-DD9E-476A-A59A-8D8DB95903F4}.Debug|x64.Build.0 = Debug|x64
		{F7341DC6-DD9E-476A-A59A-8D8DB95903F4}.Debug|x86.ActiveCfg = Debug|Win32
		{F7341DC6-DD9E-476A-A59A-8D8DB95903F4}.Debug|x86.Build.0 = Debug|Win32
		{F7341DC6-DD9E-476A-A59A-8D8DB95903F4}.Release|ARM.ActiveCfg = Release|Win32
		{F7341DC6-DD9E-476A-A59A-8D8DB95903F4}.Release|ARM64.ActiveCfg = Release|Win32
		{F7341DC6-DD9E-476A-A59A-8D8DB95903F4}.Release|x64.ActiveCfg = Release|x64
		{F7341DC6-DD9E-476A-A59A-8D8DB95903F4}.Release|x64.Build.0 = Release|x64
		{F7341DC6-DD9E-476A-A59A-8D8DB95903F4}.Release|x86.ActiveCfg = Release|Win32
		{F7341DC6-DD9E-476A-A59A-8D8DB95903F4}.Release|x86.Build.0 = Release|Win32
		{FD57C3F9-DFDE-4B34-9BEF-1B7C9EC4D582}.Debug|ARM.ActiveCfg = Debug|ARM
		{FD57C3F9-DFDE-4B34-9BEF-1B7C9EC4D582}.Debug|ARM.Build.0 = Debug|ARM
		{FD57C3F9-DFDE-4B34-9BEF-1B7C9EC4D582}.Debug|ARM.Deploy.0 = Debug|ARM
		{FD57C3F9-DFDE-4B34-9BEF-1B7C9EC4D582}.Debug|ARM64.ActiveCfg = Debug|ARM64
		{FD57C3F9-DFDE-4B34-9BEF-1B7C9EC4D582}.Debug|ARM64.Build.0 = Debug|ARM64
		{FD57C3F9-DFDE-4B34-9BEF-1B7C9EC4D582}.Debug|ARM64.Deploy.0 = Debug|ARM64
		{FD57C3F9-DFDE-4B34-9BEF-1B7C9EC4D582}.Debug|x64.ActiveCfg = Debug|x64
		{FD57C3F9-DFDE-4B34-9BEF-1B7C9EC4D582}.Debug|x64.Build.0 = Debug|x64
		{FD57C3F9-DFDE-4B34-9BEF-1B7C9EC4D582}.Debug|x64.Deploy.0 = Debug|x64
		{FD57C3F9-DFDE-4B34-9BEF-1B7C9EC4D582}.Debug|x86.ActiveCfg = Debug|Win32
		{FD57C3F9-DFDE-4B34-9BEF-1B7C9EC4D582}.Debug|x86.Build.0 = Debug|Win32
		{FD57C3F9-DFDE-4B34-9BEF-1B7C9EC4D582}.Debug|x86.Deploy.0 = Debug|Win32
		{FD57C3F9-DFDE-4B34-9BEF-1B7C9EC4D582}.Release|ARM.ActiveCfg = Release|ARM
		{FD57C3F9-DFDE-4B34-9BEF-1B7C9EC4D582}.Release|ARM.Build.0 = Release|ARM
		{FD57C3F9-DFDE-4B34-9BEF-1B7C9EC4D582}.Release|ARM.Deploy.0 = Release|ARM
		{FD57C3F9-DFDE-4B34-9BEF-1B7C9EC4D582}.Release|ARM64.ActiveCfg = Release|ARM64
		{FD57C3F9-DFDE-4B34-9BEF-1B7C9EC4D582}.Release|ARM64.Build.0 = Release|ARM64
		{FD57C3F9-DFDE-4B34-9BEF-1B7C9EC4D582}.Release|ARM64.Deploy.0 = Release|ARM64
		{FD57C3F9-DFDE-4B34-9BEF-1B7C9EC4D582}.Release|x64.ActiveCfg = Release|x64
		{FD57C3F9-DFDE-4B34-9BEF-1B7C9EC4D582}.Release|x64.Build.0 = Release|x64
		{FD57C3F9-DFDE-4B34-9BEF-1B7C9EC4D582}.Release|x64.Deploy.0 = Release|x64
		{FD57C3F9-DFDE-4B34-9BEF-1B7C9EC4D582}.Release|x86.ActiveCfg = Release|Win32
		{FD57C3F9-DFDE-4B34-9BEF-1B7C9EC4D582}.Release|x86.Build.0 = Release|Win32
		{FD57C3F9-DFDE-4B34-9BEF-1B7C9EC4D582}.Release|x86.Deploy.0 = Release|Win32
		{D70338B7-7C40-4A0C-8E50-4FDD68E15C18}.Debug|ARM.ActiveCfg = Debug|ARM
		{D70338B7-7C40-4A0C-8E50-4FDD68E15C18}.Debug|ARM.Build.0 = Debug|ARM
		{D70338B7-7C40-4A0C-8E50-4FDD68E15C18}.Debug|ARM.Deploy.0 = Debug|ARM
		{D70338B7-7C40-4A0C-8E50-4FDD68E15C18}.Debug|ARM64.ActiveCfg = Debug|ARM64
		{D70338B7-7C40-4A0C-8E50-4FDD68E15C18}.Debug|ARM64.Build.0 = Debug|ARM64
		{D70338B7-7C40-4A0C-8E50-4FDD68E15C18}.Debug|ARM64.Deploy.0 = Debug|ARM64
		{D70338B7-7C40-4A0C-8E50-4FDD68E15C18}.Debug|x64.ActiveCfg = Debug|x64
		{D70338B7-7C40-4A0C-8E50-4FDD68E15C18}.Debug|x64.Build.0 = Debug|x64
		{D70338B7-7C40-4A0C-8E50-4FDD68E15C18}.Debug|x64.Deploy.0 = Debug|x64
		{D70338B7-7C40-4A0C-8E50-4FDD68E15C18}.Debug|x86.ActiveCfg = Debug|Win32
		{D70338B7-7C40-4A0C-8E50-4FDD68E15C18}.Debug|x86.Build.0 = Debug|Win32
		{D70338B7-7C40-4A0C-8E50-4FDD68E15C18}.Debug|x86.Deploy.0 = Debug|Win32
		{D70338B7-7C40-4A0C-8E50-4FDD68E15C18}.Release|ARM.ActiveCfg = Release|ARM
		{D70338B7-7C40-4A0C-8E50-4FDD68E15C18}.Release|ARM.Build.0 = Release|ARM
		{D70338B7-7C40-4A0C-8E50-4FDD68E15C18}.Release|ARM.Deploy.0 = Release|ARM
		{D70338B7-7C40-4A0C-8E50-4FDD68E15C18}.Release|ARM64.ActiveCfg = Release|ARM64
		{D70338B7-7C40-4A0C-8E50-4FDD68E15C18}.Release|ARM64.Build.0 = Release|ARM64
		{D70338B7-7C40-4A0C-8E50-4FDD68E15C18}.Release|ARM64.Deploy.0 = Release|ARM64
		{D70338B7-7C40-4A0C-8E50-4FDD68E15C18}.Release|x64.ActiveCfg = Release|x64
		{D70338B7-7C40-4A0C-8E50-4FDD68E15C18}.Release|x64.Build.0 = Release|x64
		{D70338B7-7C40-4A0C-8E50-4FDD68E15C18}.Release|x64.Deploy.0 = Release|x64
		{D70338B7-7C40-4A0C-8E50-4FDD68E15C18}.Release|x86.ActiveCfg = Release|Win32
		{D70338B7-7C40-4A0C-8E50-4FDD68E15C18}.Release|x86.Build.0 = Release|Win32
		{D70338B7-7C40-4A0C-8E50-4FDD68E15C18}.Release|x86.Deploy.0 = Release|Win32
		{364E311D-7EF9-4A33-A831-5A0F646C0467}.Debug|ARM.ActiveCfg = Debug|Win32
		{364E311D-7EF9-4A33-A831-5A0F646C0467}.Debug|ARM64.ActiveCfg = Debug|Win32
		{364E311D-7EF9-4A33-A831-5A0F646C0467}.Debug|x64.ActiveCfg = Debug|x64
		{364E311D-7EF9-4A33-A831-5A0F646C0467}.Debug|x64.Build.0 = Debug|x64
		{364E311D-7EF9-4A33-A831-5A0F646C0467}.Debug|x86.ActiveCfg = Debug|Win32
		{364E311D-7EF9-4A33-A831-5A0F646C0467}.Debug|x86.Build.0 = Debug|Win32
		{364E311D-7EF9-4A33-A831-5A0F646C0467}.Release|ARM.ActiveCfg = Release|Win32
		{364E311D-7EF9-4A33-A831-5A0F646C0467}.Release|ARM64.ActiveCfg = Release|Win32
		{364E311D-7EF9-4A33-A831-5A0F646C0467}.Release|x64.ActiveCfg = Release|x64
		{364E311D-7EF9-4A33-A831-5A0F646C0467}.Release|x64.Build.0 = Release|x64
		{364E311D-7EF9-4A33-A831-5A0F646C0467}.Release|x86.ActiveCfg = Release|Win32
		{364E311D-7EF9-4A33-A831-5A0F646C0467}.Release|x86.Build.0 = Release|Win32
	EndGlobalSection
	GlobalSection(SolutionProperties) = preSolution
		HideSolutionNode = FALSE
	EndGlobalSection
	GlobalSection(NestedProjects) = preSolution
		{4B4C81B1-150A-4EAE-80BD-B42EDC19D1A8} = {43D6F9D6-4AB0-4125-BC60-0463A28341E8}
		{8C20051E-9D3A-46AF-8F7A-320262A9DCED} = {E6164A0B-35FA-4902-B940-C4765FD62334}
		{89672149-9CFF-48A1-A2B3-F9578A8E1E95} = {CF30BA8D-2D2C-4D65-AF53-BB6ECB2B04AE}
		{1BB91B25-67A5-4CB7-8379-DF7C886CE06A} = {EF2228E9-38EE-4A65-A210-6AD68B3F27C9}
		{667DC8CB-B5E1-4473-8FED-3DE15D72AE5F} = {43D6F9D6-4AB0-4125-BC60-0463A28341E8}
		{D64D1DF6-F132-4957-8F6E-514271F88934} = {E6164A0B-35FA-4902-B940-C4765FD62334}
		{1EEF30F8-1723-49B9-BFEA-2F9075F6638F} = {CF30BA8D-2D2C-4D65-AF53-BB6ECB2B04AE}
		{DDCB0847-184C-4769-8713-A3006A6AF794} = {EF2228E9-38EE-4A65-A210-6AD68B3F27C9}
		{F7341DC6-DD9E-476A-A59A-8D8DB95903F4} = {20E262E3-AF8F-4B6A-B9D6-F75646F3AC0D}
		{FD57C3F9-DFDE-4B34-9BEF-1B7C9EC4D582} = {20E262E3-AF8F-4B6A-B9D6-F75646F3AC0D}
		{D70338B7-7C40-4A0C-8E50-4FDD68E15C18} = {B599320D-C9DF-4ED8-A421-AAB2BFDBE177}
		{364E311D-7EF9-4A33-A831-5A0F646C0467} = {B599320D-C9DF-4ED8-A421-AAB2BFDBE177}
	EndGlobalSection
	GlobalSection(ExtensibilityGlobals) = postSolution
		SolutionGuid = {8AD1A633-9639-48D1-8251-3FC8CA1F7357}
	EndGlobalSection
EndGlobal
